
Microsoft Visual Studio Solution File, Format Version 12.00
# Visual Studio 15
VisualStudioVersion = 15.0.26730.16
MinimumVisualStudioVersion = 10.0.40219.1
Project("{FAE04EC0-301F-11D3-BF4B-00C04F79EFBC}") = "Taulukko 2", "Taulukko 2\Taulukko 2.csproj", "{B2C0361C-EC08-4D70-8CA3-86FC05D1648D}"
EndProject
Global
	GlobalSection(SolutionConfigurationPlatforms) = preSolution
		Debug|Any CPU = Debug|Any CPU
		Release|Any CPU = Release|Any CPU
	EndGlobalSection
	GlobalSection(ProjectConfigurationPlatforms) = postSolution
		{B2C0361C-EC08-4D70-8CA3-86FC05D1648D}.Debug|Any CPU.ActiveCfg = Debug|Any CPU
		{B2C0361C-EC08-4D70-8CA3-86FC05D1648D}.Debug|Any CPU.Build.0 = Debug|Any CPU
		{B2C0361C-EC08-4D70-8CA3-86FC05D1648D}.Release|Any CPU.ActiveCfg = Release|Any CPU
		{B2C0361C-EC08-4D70-8CA3-86FC05D1648D}.Release|Any CPU.Build.0 = Release|Any CPU
	EndGlobalSection
	GlobalSection(SolutionProperties) = preSolution
		HideSolutionNode = FALSE
	EndGlobalSection
	GlobalSection(ExtensibilityGlobals) = postSolution
		SolutionGuid = {7A2503C4-ABE5-45BB-9E57-AC95272D5652}
	EndGlobalSection
EndGlobal
