
Microsoft Visual Studio Solution File, Format Version 12.00
# Visual Studio 15
VisualStudioVersion = 15.0.26730.16
MinimumVisualStudioVersion = 10.0.40219.1
Project("{FAE04EC0-301F-11D3-BF4B-00C04F79EFBC}") = "Tehtävä 3.5", "Tehtävä 3.5\Tehtävä 3.5.csproj", "{8AFEA33A-76A5-4139-BC3D-A8301A4AF747}"
EndProject
Global
	GlobalSection(SolutionConfigurationPlatforms) = preSolution
		Debug|Any CPU = Debug|Any CPU
		Release|Any CPU = Release|Any CPU
	EndGlobalSection
	GlobalSection(ProjectConfigurationPlatforms) = postSolution
		{8AFEA33A-76A5-4139-BC3D-A8301A4AF747}.Debug|Any CPU.ActiveCfg = Debug|Any CPU
		{8AFEA33A-76A5-4139-BC3D-A8301A4AF747}.Debug|Any CPU.Build.0 = Debug|Any CPU
		{8AFEA33A-76A5-4139-BC3D-A8301A4AF747}.Release|Any CPU.ActiveCfg = Release|Any CPU
		{8AFEA33A-76A5-4139-BC3D-A8301A4AF747}.Release|Any CPU.Build.0 = Release|Any CPU
	EndGlobalSection
	GlobalSection(SolutionProperties) = preSolution
		HideSolutionNode = FALSE
	EndGlobalSection
	GlobalSection(ExtensibilityGlobals) = postSolution
		SolutionGuid = {3B27FA04-F269-467E-AD2D-7D536EDCB3EB}
	EndGlobalSection
EndGlobal
